<Solution>
  <Folder Name="/src/">
    <Project Path="src/Darhous.Archive.Application/Darhous.Archive.Application.csproj" />
    <Project Path="src/Darhous.Archive.Configuration/Darhous.Archive.Configuration.csproj" />
    <Project Path="src/Darhous.Archive.Contracts/Darhous.Archive.Contracts.csproj" />
    <Project Path="src/Darhous.Archive.Core/Darhous.Archive.Core.csproj" />
    <Project Path="src/Darhous.Archive.Security/Darhous.Archive.Security.csproj" />
  </Folder>
  <Folder Name="/tests/">
    <Project Path="tests/Darhous.Archive.Application.Tests/Darhous.Archive.Application.Tests.csproj" />
    <Project Path="tests/Darhous.Archive.Configuration.Tests/Darhous.Archive.Configuration.Tests.csproj" />
    <Project Path="tests/Darhous.Archive.Core.Tests/Darhous.Archive.Core.Tests.csproj" />
    <Project Path="tests/Darhous.Archive.Security.Tests/Darhous.Archive.Security.Tests.csproj" />
  </Folder>
</Solution>
