<Solution>
  <Folder Name="/src/">
    <Project Path="src/Darhous.Archive.Application/Darhous.Archive.Application.csproj" />
    <Project Path="src/Darhous.Archive.Audit/Darhous.Archive.Audit.csproj" />
    <Project Path="src/Darhous.Archive.Configuration/Darhous.Archive.Configuration.csproj" />
    <Project Path="src/Darhous.Archive.Contracts/Darhous.Archive.Contracts.csproj" />
    <Project Path="src/Darhous.Archive.Core/Darhous.Archive.Core.csproj" />
    <Project Path="src/Darhous.Archive.Desktop/Darhous.Archive.Desktop.csproj" />
    <Project Path="src/Darhous.Archive.Persistence/Darhous.Archive.Persistence.csproj" />
    <Project Path="src/Darhous.Archive.PluginSdk/Darhous.Archive.PluginSdk.csproj" />
    <Project Path="src/Darhous.Archive.Security/Darhous.Archive.Security.csproj" />
    <Project Path="src/Darhous.Archive.Workers/Darhous.Archive.Workers.csproj" />
    <Project Path="src/Darhous.Archive.Workers.Host/Darhous.Archive.Workers.Host.csproj" />
    <Project Path="src/Darhous.Archive.Scanner.Worker/Darhous.Archive.Scanner.Worker.csproj" />
  </Folder>
  <Folder Name="/src/Modules/">
    <Project Path="src/Modules/Darhous.Archive.Modules.Discovery/Darhous.Archive.Modules.Discovery.csproj" />
    <Project Path="src/Modules/Darhous.Archive.Modules.Documents/Darhous.Archive.Modules.Documents.csproj" />
    <Project Path="src/Modules/Darhous.Archive.Modules.Folders/Darhous.Archive.Modules.Folders.csproj" />
    <Project Path="src/Modules/Darhous.Archive.Modules.Importers/Darhous.Archive.Modules.Importers.csproj" />
    <Project Path="src/Modules/Darhous.Archive.Modules.Plugins/Darhous.Archive.Modules.Plugins.csproj" />
    <Project Path="src/Darhous.Archive.Modules.Scanner/Darhous.Archive.Modules.Scanner.csproj" />
  </Folder>
  <Folder Name="/src/OfficialPlugins/">
    <Project Path="src/OfficialPlugins/Darhous.Search.SqliteFts/Darhous.Search.SqliteFts.csproj" />
  </Folder>
  <Folder Name="/tests/">
    <Project Path="tests/Darhous.Archive.Application.Tests/Darhous.Archive.Application.Tests.csproj" />
    <Project Path="tests/Darhous.Archive.Audit.Tests/Darhous.Archive.Audit.Tests.csproj" />
    <Project Path="tests/Darhous.Archive.Configuration.Tests/Darhous.Archive.Configuration.Tests.csproj" />
    <Project Path="tests/Darhous.Archive.Core.Tests/Darhous.Archive.Core.Tests.csproj" />
    <Project Path="tests/Darhous.Archive.Desktop.Tests/Darhous.Archive.Desktop.Tests.csproj" />
    <Project Path="tests/Darhous.Archive.Modules.Discovery.Tests/Darhous.Archive.Modules.Discovery.Tests.csproj" />
    <Project Path="tests/Darhous.Archive.Modules.Documents.Tests/Darhous.Archive.Modules.Documents.Tests.csproj" />
    <Project Path="tests/Darhous.Archive.Modules.Folders.Tests/Darhous.Archive.Modules.Folders.Tests.csproj" />
    <Project Path="tests/Darhous.Archive.Modules.Importers.Tests/Darhous.Archive.Modules.Importers.Tests.csproj" />
    <Project Path="tests/Darhous.Archive.Modules.Plugins.Tests/Darhous.Archive.Modules.Plugins.Tests.csproj" />
    <Project Path="tests/Darhous.Archive.Persistence.Tests/Darhous.Archive.Persistence.Tests.csproj" />
    <Project Path="tests/Darhous.Archive.Security.Tests/Darhous.Archive.Security.Tests.csproj" />
    <Project Path="tests/Darhous.Archive.Workers.Tests/Darhous.Archive.Workers.Tests.csproj" />
    <Project Path="tests/Darhous.Archive.Workers.Host.Tests/Darhous.Archive.Workers.Host.Tests.csproj" />
    <Project Path="tests/Darhous.Archive.Scanner.Worker.Tests/Darhous.Archive.Scanner.Worker.Tests.csproj" />
    <Project Path="tests/Darhous.Archive.Modules.Scanner.Tests/Darhous.Archive.Modules.Scanner.Tests.csproj" />
    <Project Path="tests/Darhous.Search.SqliteFts.Tests/Darhous.Search.SqliteFts.Tests.csproj" />
  </Folder>
  <Folder Name="/tests/Fixtures/">
    <Project Path="tests/Fixtures/Darhous.TestPlugin/Darhous.TestPlugin.csproj" />
    <Project Path="tests/Fixtures/Darhous.TestWorkerProcess/Darhous.TestWorkerProcess.csproj" />
    <Project Path="tests/Fixtures/Darhous.TestScannerWorker/Darhous.TestScannerWorker.csproj" />
  </Folder>
</Solution>
